
Microsoft Visual Studio Solution File, Format Version 12.00
# Visual Studio 15
VisualStudioVersion = 15.0.28010.2050
MinimumVisualStudioVersion = 10.0.40219.1
Project("{FAE04EC0-301F-11D3-BF4B-00C04F79EFBC}") = "SnakeGamePlatform", "SnakeGamePlatform\SnakeGamePlatform.csproj", "{612873D4-CA45-4CFD-B426-ED354FE57438}"
EndProject
Global
	GlobalSection(SolutionConfigurationPlatforms) = preSolution
		Debug|Any CPU = Debug|Any CPU
		Release|Any CPU = Release|Any CPU
	EndGlobalSection
	GlobalSection(ProjectConfigurationPlatforms) = postSolution
		{612873D4-CA45-4CFD-B426-ED354FE57438}.Debug|Any CPU.ActiveCfg = Debug|Any CPU
		{612873D4-CA45-4CFD-B426-ED354FE57438}.Debug|Any CPU.Build.0 = Debug|Any CPU
		{612873D4-CA45-4CFD-B426-ED354FE57438}.Release|Any CPU.ActiveCfg = Release|Any CPU
		{612873D4-CA45-4CFD-B426-ED354FE57438}.Release|Any CPU.Build.0 = Release|Any CPU
	EndGlobalSection
	GlobalSection(SolutionProperties) = preSolution
		HideSolutionNode = FALSE
	EndGlobalSection
	GlobalSection(ExtensibilityGlobals) = postSolution
		SolutionGuid = {19443E7C-9B0F-45A7-BC4A-73351FDB2038}
	EndGlobalSection
EndGlobal
